
Microsoft Visual Studio Solution File, Format Version 12.00
# Visual Studio Version 18
VisualStudioVersion = 18.1.11312.151
MinimumVisualStudioVersion = 10.0.40219.1
Project("{FAE04EC0-301F-11D3-BF4B-00C04F79EFBC}") = "PhotoSharingApplication", "PhotoSharingApplication\PhotoSharingApplication.csproj", "{4A178C58-A528-49BF-AA07-BBD5C1526447}"
EndProject
Project("{2150E333-8FDC-42A3-9474-1A3956D46DE8}") = "docs", "docs", "{FE008748-00FF-498B-A3CF-FA2EDC8E4D5A}"
	ProjectSection(SolutionItems) = preProject
		docs\ARCHITECTURE.md = docs\ARCHITECTURE.md
		docs\ROUTES.md = docs\ROUTES.md
	EndProjectSection
EndProject
Project("{2150E333-8FDC-42A3-9474-1A3956D46DE8}") = "screenshots", "screenshots", "{B89CE478-D4BE-4322-B1CC-FA090FED676D}"
	ProjectSection(SolutionItems) = preProject
		docs\screenshots\create.png = docs\screenshots\create.png
		docs\screenshots\gallery.png = docs\screenshots\gallery.png
		docs\screenshots\photo.png = docs\screenshots\photo.png
	EndProjectSection
EndProject
Global
	GlobalSection(SolutionConfigurationPlatforms) = preSolution
		Debug|Any CPU = Debug|Any CPU
		Release|Any CPU = Release|Any CPU
	EndGlobalSection
	GlobalSection(ProjectConfigurationPlatforms) = postSolution
		{4A178C58-A528-49BF-AA07-BBD5C1526447}.Debug|Any CPU.ActiveCfg = Debug|Any CPU
		{4A178C58-A528-49BF-AA07-BBD5C1526447}.Debug|Any CPU.Build.0 = Debug|Any CPU
		{4A178C58-A528-49BF-AA07-BBD5C1526447}.Release|Any CPU.ActiveCfg = Release|Any CPU
		{4A178C58-A528-49BF-AA07-BBD5C1526447}.Release|Any CPU.Build.0 = Release|Any CPU
	EndGlobalSection
	GlobalSection(SolutionProperties) = preSolution
		HideSolutionNode = FALSE
	EndGlobalSection
	GlobalSection(NestedProjects) = preSolution
		{B89CE478-D4BE-4322-B1CC-FA090FED676D} = {FE008748-00FF-498B-A3CF-FA2EDC8E4D5A}
	EndGlobalSection
	GlobalSection(ExtensibilityGlobals) = postSolution
		SolutionGuid = {95F23A79-5D00-43A6-AE6D-93690E0A4E55}
	EndGlobalSection
EndGlobal
